
Microsoft Visual Studio Solution File, Format Version 12.00
# Visual Studio Version 16
VisualStudioVersion = 16.0.31911.196
MinimumVisualStudioVersion = 10.0.40219.1
Project("{FAE04EC0-301F-11D3-BF4B-00C04F79EFBC}") = "NLAESRTAY", "NLAESRTAY.csproj", "{47067EC8-3852-4EDB-869C-7195A45C6461}"
EndProject
Global
	GlobalSection(SolutionConfigurationPlatforms) = preSolution
		Debug|Any CPU = Debug|Any CPU
		Release|Any CPU = Release|Any CPU
	EndGlobalSection
	GlobalSection(ProjectConfigurationPlatforms) = postSolution
		{47067EC8-3852-4EDB-869C-7195A45C6461}.Debug|Any CPU.ActiveCfg = Debug|Any CPU
		{47067EC8-3852-4EDB-869C-7195A45C6461}.Debug|Any CPU.Build.0 = Debug|Any CPU
		{47067EC8-3852-4EDB-869C-7195A45C6461}.Release|Any CPU.ActiveCfg = Release|Any CPU
		{47067EC8-3852-4EDB-869C-7195A45C6461}.Release|Any CPU.Build.0 = Release|Any CPU
	EndGlobalSection
	GlobalSection(SolutionProperties) = preSolution
		HideSolutionNode = FALSE
	EndGlobalSection
	GlobalSection(ExtensibilityGlobals) = postSolution
		SolutionGuid = {972B3E38-0E37-422B-AC75-C2E4DE8978AE}
	EndGlobalSection
EndGlobal
